
Microsoft Visual Studio Solution File, Format Version 11.00
# Visual Studio 2010
Project("{FAE04EC0-301F-11D3-BF4B-00C04F79EFBC}") = "Assembly-CSharp", "Assembly-CSharp.csproj", "{2be059c1-67f6-d7de-0923-d4fdc6338ca6}"
EndProject
Project("{FAE04EC0-301F-11D3-BF4B-00C04F79EFBC}") = "PathCreator", "PathCreator.csproj", "{832f6457-e0dc-684e-439b-9bad97f2aa1f}"
EndProject
Project("{FAE04EC0-301F-11D3-BF4B-00C04F79EFBC}") = "Assembly-CSharp-Editor", "Assembly-CSharp-Editor.csproj", "{a1114142-d8eb-b25a-4926-70df4928fd9e}"
EndProject
Project("{FAE04EC0-301F-11D3-BF4B-00C04F79EFBC}") = "PathCreatorEditor", "PathCreatorEditor.csproj", "{bf777c01-1338-2e42-647e-cfb3c8b552ac}"
EndProject
Global
	GlobalSection(SolutionConfigurationPlatforms) = preSolution
		Debug|Any CPU = Debug|Any CPU
	EndGlobalSection
	GlobalSection(ProjectConfigurationPlatforms) = postSolution
		{2be059c1-67f6-d7de-0923-d4fdc6338ca6}.Debug|Any CPU.ActiveCfg = Debug|Any CPU
		{2be059c1-67f6-d7de-0923-d4fdc6338ca6}.Debug|Any CPU.Build.0 = Debug|Any CPU
		{832f6457-e0dc-684e-439b-9bad97f2aa1f}.Debug|Any CPU.ActiveCfg = Debug|Any CPU
		{832f6457-e0dc-684e-439b-9bad97f2aa1f}.Debug|Any CPU.Build.0 = Debug|Any CPU
		{a1114142-d8eb-b25a-4926-70df4928fd9e}.Debug|Any CPU.ActiveCfg = Debug|Any CPU
		{a1114142-d8eb-b25a-4926-70df4928fd9e}.Debug|Any CPU.Build.0 = Debug|Any CPU
		{bf777c01-1338-2e42-647e-cfb3c8b552ac}.Debug|Any CPU.ActiveCfg = Debug|Any CPU
		{bf777c01-1338-2e42-647e-cfb3c8b552ac}.Debug|Any CPU.Build.0 = Debug|Any CPU
	EndGlobalSection
	GlobalSection(SolutionProperties) = preSolution
		HideSolutionNode = FALSE
	EndGlobalSection
EndGlobal
